
Microsoft Visual Studio Solution File, Format Version 12.00
# Visual Studio Version 16
VisualStudioVersion = 16.0.31515.178
MinimumVisualStudioVersion = 10.0.40219.1
Project("{FAE04EC0-301F-11D3-BF4B-00C04F79EFBC}") = "Animal_Project", "Animal_Project.csproj", "{88635B89-02C0-4A44-81BB-752EF6E991B6}"
EndProject
Global
	GlobalSection(SolutionConfigurationPlatforms) = preSolution
		Debug|Any CPU = Debug|Any CPU
		Release|Any CPU = Release|Any CPU
	EndGlobalSection
	GlobalSection(ProjectConfigurationPlatforms) = postSolution
		{88635B89-02C0-4A44-81BB-752EF6E991B6}.Debug|Any CPU.ActiveCfg = Debug|Any CPU
		{88635B89-02C0-4A44-81BB-752EF6E991B6}.Debug|Any CPU.Build.0 = Debug|Any CPU
		{88635B89-02C0-4A44-81BB-752EF6E991B6}.Release|Any CPU.ActiveCfg = Release|Any CPU
		{88635B89-02C0-4A44-81BB-752EF6E991B6}.Release|Any CPU.Build.0 = Release|Any CPU
	EndGlobalSection
	GlobalSection(SolutionProperties) = preSolution
		HideSolutionNode = FALSE
	EndGlobalSection
	GlobalSection(ExtensibilityGlobals) = postSolution
		SolutionGuid = {0CE0D439-9255-41ED-BB02-144C77DB2660}
	EndGlobalSection
EndGlobal
